
Microsoft Visual Studio Solution File, Format Version 12.00
# Visual Studio Version 16
VisualStudioVersion = 16.0.29613.14
MinimumVisualStudioVersion = 10.0.40219.1
Project("{FAE04EC0-301F-11D3-BF4B-00C04F79EFBC}") = "CommonAlgorithm", "CommonAlgorithm\CommonAlgorithm.csproj", "{93FA43FE-FCA6-41DA-AE6D-682588D70B4C}"
EndProject
Global
	GlobalSection(SolutionConfigurationPlatforms) = preSolution
		Debug|Any CPU = Debug|Any CPU
		Release|Any CPU = Release|Any CPU
	EndGlobalSection
	GlobalSection(ProjectConfigurationPlatforms) = postSolution
		{93FA43FE-FCA6-41DA-AE6D-682588D70B4C}.Debug|Any CPU.ActiveCfg = Debug|Any CPU
		{93FA43FE-FCA6-41DA-AE6D-682588D70B4C}.Debug|Any CPU.Build.0 = Debug|Any CPU
		{93FA43FE-FCA6-41DA-AE6D-682588D70B4C}.Release|Any CPU.ActiveCfg = Release|Any CPU
		{93FA43FE-FCA6-41DA-AE6D-682588D70B4C}.Release|Any CPU.Build.0 = Release|Any CPU
	EndGlobalSection
	GlobalSection(SolutionProperties) = preSolution
		HideSolutionNode = FALSE
	EndGlobalSection
	GlobalSection(ExtensibilityGlobals) = postSolution
		SolutionGuid = {0D2937EC-4241-470C-BE37-BF89FE67C3EB}
	EndGlobalSection
EndGlobal
